// !$*UTF8*$!
{
	archiveVersion = 1;
	classes = {
	};
	objectVersion = 48;
	objects = {

/* Begin PBXBuildFile section */
		BEBF96CA201A3E28006AF9E7 /* AppDelegate.swift in Sources */ = {isa = PBXBuildFile; fileRef = BEBF96C9201A3E28006AF9E7 /* AppDelegate.swift */; };
		BEBF96CC201A3E28006AF9E7 /* GameViewController.swift in Sources */ = {isa = PBXBuildFile; fileRef = BEBF96CB201A3E28006AF9E7 /* GameViewController.swift */; };
		BEBF96CF201A3E28006AF9E7 /* Main.storyboard in Resources */ = {isa = PBXBuildFile; fileRef = BEBF96CD201A3E28006AF9E7 /* Main.storyboard */; };
		BEBF96D2201A3E28006AF9E7 /* LaunchScreen.storyboard in Resources */ = {isa = PBXBuildFile; fileRef = BEBF96D0201A3E28006AF9E7 /* LaunchScreen.storyboard */; };
		BEBF96D7201A3E28006AF9E7 /* supersecrettechnologies.app in Embed Watch Content */ = {isa = PBXBuildFile; fileRef = BEBF96D6201A3E28006AF9E7 /* supersecrettechnologies.app */; };
		BEBF96DD201A3E28006AF9E7 /* Interface.storyboard in Resources */ = {isa = PBXBuildFile; fileRef = BEBF96DB201A3E28006AF9E7 /* Interface.storyboard */; };
		BEBF96E4201A3E28006AF9E7 /* supersecrettechnologies Extension.appex in Embed App Extensions */ = {isa = PBXBuildFile; fileRef = BEBF96E3201A3E28006AF9E7 /* supersecrettechnologies Extension.appex */; settings = {ATTRIBUTES = (RemoveHeadersOnCopy, ); }; };
		BEBF96E9201A3E28006AF9E7 /* InterfaceController.swift in Sources */ = {isa = PBXBuildFile; fileRef = BEBF96E8201A3E28006AF9E7 /* InterfaceController.swift */; };
		BEBF96EB201A3E28006AF9E7 /* ExtensionDelegate.swift in Sources */ = {isa = PBXBuildFile; fileRef = BEBF96EA201A3E28006AF9E7 /* ExtensionDelegate.swift */; };
		BEBF96F4201A3E28006AF9E7 /* AppDelegate.swift in Sources */ = {isa = PBXBuildFile; fileRef = BEBF96F3201A3E28006AF9E7 /* AppDelegate.swift */; };
		BEBF96F6201A3E28006AF9E7 /* GameViewController.swift in Sources */ = {isa = PBXBuildFile; fileRef = BEBF96F5201A3E28006AF9E7 /* GameViewController.swift */; };
		BEBF96F9201A3E28006AF9E7 /* Main.storyboard in Resources */ = {isa = PBXBuildFile; fileRef = BEBF96F7201A3E28006AF9E7 /* Main.storyboard */; };
		BEBF96FB201A3E28006AF9E7 /* Actions.sks in Resources */ = {isa = PBXBuildFile; fileRef = BEBF96BE201A3E28006AF9E7 /* Actions.sks */; };
		BEBF96FC201A3E28006AF9E7 /* Actions.sks in Resources */ = {isa = PBXBuildFile; fileRef = BEBF96BE201A3E28006AF9E7 /* Actions.sks */; };
		BEBF96FD201A3E28006AF9E7 /* GameScene.sks in Resources */ = {isa = PBXBuildFile; fileRef = BEBF96BF201A3E28006AF9E7 /* GameScene.sks */; };
		BEBF96FE201A3E28006AF9E7 /* GameScene.sks in Resources */ = {isa = PBXBuildFile; fileRef = BEBF96BF201A3E28006AF9E7 /* GameScene.sks */; };
		BEBF96FF201A3E28006AF9E7 /* GameScene.sks in Resources */ = {isa = PBXBuildFile; fileRef = BEBF96BF201A3E28006AF9E7 /* GameScene.sks */; };
		BEBF9700201A3E28006AF9E7 /* GameScene.swift in Sources */ = {isa = PBXBuildFile; fileRef = BEBF96C0201A3E28006AF9E7 /* GameScene.swift */; };
		BEBF9701201A3E28006AF9E7 /* GameScene.swift in Sources */ = {isa = PBXBuildFile; fileRef = BEBF96C0201A3E28006AF9E7 /* GameScene.swift */; };
		BEBF9702201A3E28006AF9E7 /* GameScene.swift in Sources */ = {isa = PBXBuildFile; fileRef = BEBF96C0201A3E28006AF9E7 /* GameScene.swift */; };
		BEBF9703201A3E28006AF9E7 /* Assets.xcassets in Resources */ = {isa = PBXBuildFile; fileRef = BEBF96C1201A3E28006AF9E7 /* Assets.xcassets */; };
		BEBF9704201A3E28006AF9E7 /* Assets.xcassets in Resources */ = {isa = PBXBuildFile; fileRef = BEBF96C1201A3E28006AF9E7 /* Assets.xcassets */; };
		BEBF9705201A3E28006AF9E7 /* Assets.xcassets in Resources */ = {isa = PBXBuildFile; fileRef = BEBF96C1201A3E28006AF9E7 /* Assets.xcassets */; };
/* End PBXBuildFile section */

/* Begin PBXContainerItemProxy section */
		BEBF96D8201A3E28006AF9E7 /* PBXContainerItemProxy */ = {
			isa = PBXContainerItemProxy;
			containerPortal = BEBF96B9201A3E28006AF9E7 /* Project object */;
			proxyType = 1;
			remoteGlobalIDString = BEBF96D5201A3E28006AF9E7;
			remoteInfo = "supersecrettechnologies watchOS App";
		};
		BEBF96E5201A3E28006AF9E7 /* PBXContainerItemProxy */ = {
			isa = PBXContainerItemProxy;
			containerPortal = BEBF96B9201A3E28006AF9E7 /* Project object */;
			proxyType = 1;
			remoteGlobalIDString = BEBF96E2201A3E28006AF9E7;
			remoteInfo = "supersecrettechnologies watchOS App Extension";
		};
/* End PBXContainerItemProxy section */

/* Begin PBXCopyFilesBuildPhase section */
		BEBF970B201A3E28006AF9E7 /* Embed App Extensions */ = {
			isa = PBXCopyFilesBuildPhase;
			buildActionMask = 2147483647;
			dstPath = "";
			dstSubfolderSpec = 13;
			files = (
				BEBF96E4201A3E28006AF9E7 /* supersecrettechnologies Extension.appex in Embed App Extensions */,
			);
			name = "Embed App Extensions";
			runOnlyForDeploymentPostprocessing = 0;
		};
		BEBF970F201A3E28006AF9E7 /* Embed Watch Content */ = {
			isa = PBXCopyFilesBuildPhase;
			buildActionMask = 2147483647;
			dstPath = "$(CONTENTS_FOLDER_PATH)/Watch";
			dstSubfolderSpec = 16;
			files = (
				BEBF96D7201A3E28006AF9E7 /* supersecrettechnologies.app in Embed Watch Content */,
			);
			name = "Embed Watch Content";
			runOnlyForDeploymentPostprocessing = 0;
		};
/* End PBXCopyFilesBuildPhase section */

/* Begin PBXFileReference section */
		BEBF96BE201A3E28006AF9E7 /* Actions.sks */ = {isa = PBXFileReference; lastKnownFileType = file.sks; path = Actions.sks; sourceTree = "<group>"; };
		BEBF96BF201A3E28006AF9E7 /* GameScene.sks */ = {isa = PBXFileReference; lastKnownFileType = file.sks; path = GameScene.sks; sourceTree = "<group>"; };
		BEBF96C0201A3E28006AF9E7 /* GameScene.swift */ = {isa = PBXFileReference; lastKnownFileType = sourcecode.swift; path = GameScene.swift; sourceTree = "<group>"; };
		BEBF96C1201A3E28006AF9E7 /* Assets.xcassets */ = {isa = PBXFileReference; lastKnownFileType = folder.assetcatalog; path = Assets.xcassets; sourceTree = "<group>"; };
		BEBF96C6201A3E28006AF9E7 /* supersecrettechnologies.app */ = {isa = PBXFileReference; explicitFileType = wrapper.application; includeInIndex = 0; path = supersecrettechnologies.app; sourceTree = BUILT_PRODUCTS_DIR; };
		BEBF96C9201A3E28006AF9E7 /* AppDelegate.swift */ = {isa = PBXFileReference; lastKnownFileType = sourcecode.swift; path = AppDelegate.swift; sourceTree = "<group>"; };
		BEBF96CB201A3E28006AF9E7 /* GameViewController.swift */ = {isa = PBXFileReference; lastKnownFileType = sourcecode.swift; path = GameViewController.swift; sourceTree = "<group>"; };
		BEBF96CE201A3E28006AF9E7 /* Base */ = {isa = PBXFileReference; lastKnownFileType = file.storyboard; name = Base; path = Base.lproj/Main.storyboard; sourceTree = "<group>"; };
		BEBF96D1201A3E28006AF9E7 /* Base */ = {isa = PBXFileReference; lastKnownFileType = file.storyboard; name = Base; path = Base.lproj/LaunchScreen.storyboard; sourceTree = "<group>"; };
		BEBF96D3201A3E28006AF9E7 /* Info.plist */ = {isa = PBXFileReference; lastKnownFileType = text.plist.xml; path = Info.plist; sourceTree = "<group>"; };
		BEBF96D6201A3E28006AF9E7 /* supersecrettechnologies.app */ = {isa = PBXFileReference; explicitFileType = wrapper.application; includeInIndex = 0; path = supersecrettechnologies.app; sourceTree = BUILT_PRODUCTS_DIR; };
		BEBF96DC201A3E28006AF9E7 /* Base */ = {isa = PBXFileReference; lastKnownFileType = file.storyboard; name = Base; path = Base.lproj/Interface.storyboard; sourceTree = "<group>"; };
		BEBF96DE201A3E28006AF9E7 /* Info.plist */ = {isa = PBXFileReference; lastKnownFileType = text.plist.xml; path = Info.plist; sourceTree = "<group>"; };
		BEBF96E3201A3E28006AF9E7 /* supersecrettechnologies Extension.appex */ = {isa = PBXFileReference; explicitFileType = "wrapper.app-extension"; includeInIndex = 0; path = "supersecrettechnologies Extension.appex"; sourceTree = BUILT_PRODUCTS_DIR; };
		BEBF96E8201A3E28006AF9E7 /* InterfaceController.swift */ = {isa = PBXFileReference; lastKnownFileType = sourcecode.swift; path = InterfaceController.swift; sourceTree = "<group>"; };
		BEBF96EA201A3E28006AF9E7 /* ExtensionDelegate.swift */ = {isa = PBXFileReference; lastKnownFileType = sourcecode.swift; path = ExtensionDelegate.swift; sourceTree = "<group>"; };
		BEBF96EC201A3E28006AF9E7 /* Info.plist */ = {isa = PBXFileReference; lastKnownFileType = text.plist.xml; path = Info.plist; sourceTree = "<group>"; };
		BEBF96F1201A3E28006AF9E7 /* supersecrettechnologies.app */ = {isa = PBXFileReference; explicitFileType = wrapper.application; includeInIndex = 0; path = supersecrettechnologies.app; sourceTree = BUILT_PRODUCTS_DIR; };
		BEBF96F3201A3E28006AF9E7 /* AppDelegate.swift */ = {isa = PBXFileReference; lastKnownFileType = sourcecode.swift; path = AppDelegate.swift; sourceTree = "<group>"; };
		BEBF96F5201A3E28006AF9E7 /* GameViewController.swift */ = {isa = PBXFileReference; lastKnownFileType = sourcecode.swift; path = GameViewController.swift; sourceTree = "<group>"; };
		BEBF96F8201A3E28006AF9E7 /* Base */ = {isa = PBXFileReference; lastKnownFileType = file.storyboard; name = Base; path = Base.lproj/Main.storyboard; sourceTree = "<group>"; };
		BEBF96FA201A3E28006AF9E7 /* Info.plist */ = {isa = PBXFileReference; lastKnownFileType = text.plist.xml; path = Info.plist; sourceTree = "<group>"; };
/* End PBXFileReference section */

/* Begin PBXFrameworksBuildPhase section */
		BEBF96C3201A3E28006AF9E7 /* Frameworks */ = {
			isa = PBXFrameworksBuildPhase;
			buildActionMask = 2147483647;
			files = (
			);
			runOnlyForDeploymentPostprocessing = 0;
		};
		BEBF96E0201A3E28006AF9E7 /* Frameworks */ = {
			isa = PBXFrameworksBuildPhase;
			buildActionMask = 2147483647;
			files = (
			);
			runOnlyForDeploymentPostprocessing = 0;
		};
		BEBF96EE201A3E28006AF9E7 /* Frameworks */ = {
			isa = PBXFrameworksBuildPhase;
			buildActionMask = 2147483647;
			files = (
			);
			runOnlyForDeploymentPostprocessing = 0;
		};
/* End PBXFrameworksBuildPhase section */

/* Begin PBXGroup section */
		BEBF96B8201A3E28006AF9E7 = {
			isa = PBXGroup;
			children = (
				BEBF96BD201A3E28006AF9E7 /* supersecrettechnologies Shared */,
				BEBF96C8201A3E28006AF9E7 /* supersecrettechnologies iOS */,
				BEBF96DA201A3E28006AF9E7 /* supersecrettechnologies watchOS App */,
				BEBF96E7201A3E28006AF9E7 /* supersecrettechnologies watchOS App Extension */,
				BEBF96F2201A3E28006AF9E7 /* supersecrettechnologies macOS */,
				BEBF96C7201A3E28006AF9E7 /* Products */,
			);
			sourceTree = "<group>";
		};
		BEBF96BD201A3E28006AF9E7 /* supersecrettechnologies Shared */ = {
			isa = PBXGroup;
			children = (
				BEBF96BE201A3E28006AF9E7 /* Actions.sks */,
				BEBF96BF201A3E28006AF9E7 /* GameScene.sks */,
				BEBF96C0201A3E28006AF9E7 /* GameScene.swift */,
				BEBF96C1201A3E28006AF9E7 /* Assets.xcassets */,
			);
			path = "supersecrettechnologies Shared";
			sourceTree = "<group>";
		};
		BEBF96C7201A3E28006AF9E7 /* Products */ = {
			isa = PBXGroup;
			children = (
				BEBF96C6201A3E28006AF9E7 /* supersecrettechnologies.app */,
				BEBF96D6201A3E28006AF9E7 /* supersecrettechnologies.app */,
				BEBF96E3201A3E28006AF9E7 /* supersecrettechnologies Extension.appex */,
				BEBF96F1201A3E28006AF9E7 /* supersecrettechnologies.app */,
			);
			name = Products;
			sourceTree = "<group>";
		};
		BEBF96C8201A3E28006AF9E7 /* supersecrettechnologies iOS */ = {
			isa = PBXGroup;
			children = (
				BEBF96C9201A3E28006AF9E7 /* AppDelegate.swift */,
				BEBF96CB201A3E28006AF9E7 /* GameViewController.swift */,
				BEBF96CD201A3E28006AF9E7 /* Main.storyboard */,
				BEBF96D0201A3E28006AF9E7 /* LaunchScreen.storyboard */,
				BEBF96D3201A3E28006AF9E7 /* Info.plist */,
			);
			path = "supersecrettechnologies iOS";
			sourceTree = "<group>";
		};
		BEBF96DA201A3E28006AF9E7 /* supersecrettechnologies watchOS App */ = {
			isa = PBXGroup;
			children = (
				BEBF96DB201A3E28006AF9E7 /* Interface.storyboard */,
				BEBF96DE201A3E28006AF9E7 /* Info.plist */,
			);
			path = "supersecrettechnologies watchOS App";
			sourceTree = "<group>";
		};
		BEBF96E7201A3E28006AF9E7 /* supersecrettechnologies watchOS App Extension */ = {
			isa = PBXGroup;
			children = (
				BEBF96E8201A3E28006AF9E7 /* InterfaceController.swift */,
				BEBF96EA201A3E28006AF9E7 /* ExtensionDelegate.swift */,
				BEBF96EC201A3E28006AF9E7 /* Info.plist */,
			);
			path = "supersecrettechnologies watchOS App Extension";
			sourceTree = "<group>";
		};
		BEBF96F2201A3E28006AF9E7 /* supersecrettechnologies macOS */ = {
			isa = PBXGroup;
			children = (
				BEBF96F3201A3E28006AF9E7 /* AppDelegate.swift */,
				BEBF96F5201A3E28006AF9E7 /* GameViewController.swift */,
				BEBF96F7201A3E28006AF9E7 /* Main.storyboard */,
				BEBF96FA201A3E28006AF9E7 /* Info.plist */,
			);
			path = "supersecrettechnologies macOS";
			sourceTree = "<group>";
		};
/* End PBXGroup section */

/* Begin PBXNativeTarget section */
		BEBF96C5201A3E28006AF9E7 /* supersecrettechnologies iOS */ = {
			isa = PBXNativeTarget;
			buildConfigurationList = BEBF9710201A3E28006AF9E7 /* Build configuration list for PBXNativeTarget "supersecrettechnologies iOS" */;
			buildPhases = (
				BEBF96C2201A3E28006AF9E7 /* Sources */,
				BEBF96C3201A3E28006AF9E7 /* Frameworks */,
				BEBF96C4201A3E28006AF9E7 /* Resources */,
				BEBF970F201A3E28006AF9E7 /* Embed Watch Content */,
			);
			buildRules = (
			);
			dependencies = (
				BEBF96D9201A3E28006AF9E7 /* PBXTargetDependency */,
			);
			name = "supersecrettechnologies iOS";
			productName = "supersecrettechnologies iOS";
			productReference = BEBF96C6201A3E28006AF9E7 /* supersecrettechnologies.app */;
			productType = "com.apple.product-type.application";
		};
		BEBF96D5201A3E28006AF9E7 /* supersecrettechnologies watchOS App */ = {
			isa = PBXNativeTarget;
			buildConfigurationList = BEBF970C201A3E28006AF9E7 /* Build configuration list for PBXNativeTarget "supersecrettechnologies watchOS App" */;
			buildPhases = (
				BEBF96D4201A3E28006AF9E7 /* Resources */,
				BEBF970B201A3E28006AF9E7 /* Embed App Extensions */,
			);
			buildRules = (
			);
			dependencies = (
				BEBF96E6201A3E28006AF9E7 /* PBXTargetDependency */,
			);
			name = "supersecrettechnologies watchOS App";
			productName = "supersecrettechnologies watchOS App";
			productReference = BEBF96D6201A3E28006AF9E7 /* supersecrettechnologies.app */;
			productType = "com.apple.product-type.application.watchapp2";
		};
		BEBF96E2201A3E28006AF9E7 /* supersecrettechnologies watchOS App Extension */ = {
			isa = PBXNativeTarget;
			buildConfigurationList = BEBF9708201A3E28006AF9E7 /* Build configuration list for PBXNativeTarget "supersecrettechnologies watchOS App Extension" */;
			buildPhases = (
				BEBF96DF201A3E28006AF9E7 /* Sources */,
				BEBF96E0201A3E28006AF9E7 /* Frameworks */,
				BEBF96E1201A3E28006AF9E7 /* Resources */,
			);
			buildRules = (
			);
			dependencies = (
			);
			name = "supersecrettechnologies watchOS App Extension";
			productName = "supersecrettechnologies watchOS App Extension";
			productReference = BEBF96E3201A3E28006AF9E7 /* supersecrettechnologies Extension.appex */;
			productType = "com.apple.product-type.watchkit2-extension";
		};
		BEBF96F0201A3E28006AF9E7 /* supersecrettechnologies macOS */ = {
			isa = PBXNativeTarget;
			buildConfigurationList = BEBF9713201A3E28006AF9E7 /* Build configuration list for PBXNativeTarget "supersecrettechnologies macOS" */;
			buildPhases = (
				BEBF96ED201A3E28006AF9E7 /* Sources */,
				BEBF96EE201A3E28006AF9E7 /* Frameworks */,
				BEBF96EF201A3E28006AF9E7 /* Resources */,
			);
			buildRules = (
			);
			dependencies = (
			);
			name = "supersecrettechnologies macOS";
			productName = "supersecrettechnologies macOS";
			productReference = BEBF96F1201A3E28006AF9E7 /* supersecrettechnologies.app */;
			productType = "com.apple.product-type.application";
		};
/* End PBXNativeTarget section */

/* Begin PBXProject section */
		BEBF96B9201A3E28006AF9E7 /* Project object */ = {
			isa = PBXProject;
			attributes = {
				LastSwiftUpdateCheck = 0920;
				LastUpgradeCheck = 0920;
				ORGANIZATIONNAME = "Jacob Pålsson";
				TargetAttributes = {
					BEBF96C5201A3E28006AF9E7 = {
						CreatedOnToolsVersion = 9.2;
						ProvisioningStyle = Automatic;
					};
					BEBF96D5201A3E28006AF9E7 = {
						CreatedOnToolsVersion = 9.2;
						ProvisioningStyle = Automatic;
					};
					BEBF96E2201A3E28006AF9E7 = {
						CreatedOnToolsVersion = 9.2;
						ProvisioningStyle = Automatic;
					};
					BEBF96F0201A3E28006AF9E7 = {
						CreatedOnToolsVersion = 9.2;
						ProvisioningStyle = Automatic;
					};
				};
			};
			buildConfigurationList = BEBF96BC201A3E28006AF9E7 /* Build configuration list for PBXProject "supersecrettechnologies" */;
			compatibilityVersion = "Xcode 8.0";
			developmentRegion = en;
			hasScannedForEncodings = 0;
			knownRegions = (
				en,
				Base,
			);
			mainGroup = BEBF96B8201A3E28006AF9E7;
			productRefGroup = BEBF96C7201A3E28006AF9E7 /* Products */;
			projectDirPath = "";
			projectRoot = "";
			targets = (
				BEBF96C5201A3E28006AF9E7 /* supersecrettechnologies iOS */,
				BEBF96D5201A3E28006AF9E7 /* supersecrettechnologies watchOS App */,
				BEBF96E2201A3E28006AF9E7 /* supersecrettechnologies watchOS App Extension */,
				BEBF96F0201A3E28006AF9E7 /* supersecrettechnologies macOS */,
			);
		};
/* End PBXProject section */

/* Begin PBXResourcesBuildPhase section */
		BEBF96C4201A3E28006AF9E7 /* Resources */ = {
			isa = PBXResourcesBuildPhase;
			buildActionMask = 2147483647;
			files = (
				BEBF96FD201A3E28006AF9E7 /* GameScene.sks in Resources */,
				BEBF96CF201A3E28006AF9E7 /* Main.storyboard in Resources */,
				BEBF96FB201A3E28006AF9E7 /* Actions.sks in Resources */,
				BEBF96D2201A3E28006AF9E7 /* LaunchScreen.storyboard in Resources */,
				BEBF9703201A3E28006AF9E7 /* Assets.xcassets in Resources */,
			);
			runOnlyForDeploymentPostprocessing = 0;
		};
		BEBF96D4201A3E28006AF9E7 /* Resources */ = {
			isa = PBXResourcesBuildPhase;
			buildActionMask = 2147483647;
			files = (
				BEBF9704201A3E28006AF9E7 /* Assets.xcassets in Resources */,
				BEBF96DD201A3E28006AF9E7 /* Interface.storyboard in Resources */,
			);
			runOnlyForDeploymentPostprocessing = 0;
		};
		BEBF96E1201A3E28006AF9E7 /* Resources */ = {
			isa = PBXResourcesBuildPhase;
			buildActionMask = 2147483647;
			files = (
				BEBF96FE201A3E28006AF9E7 /* GameScene.sks in Resources */,
			);
			runOnlyForDeploymentPostprocessing = 0;
		};
		BEBF96EF201A3E28006AF9E7 /* Resources */ = {
			isa = PBXResourcesBuildPhase;
			buildActionMask = 2147483647;
			files = (
				BEBF96F9201A3E28006AF9E7 /* Main.storyboard in Resources */,
				BEBF96FF201A3E28006AF9E7 /* GameScene.sks in Resources */,
				BEBF9705201A3E28006AF9E7 /* Assets.xcassets in Resources */,
				BEBF96FC201A3E28006AF9E7 /* Actions.sks in Resources */,
			);
			runOnlyForDeploymentPostprocessing = 0;
		};
/* End PBXResourcesBuildPhase section */

/* Begin PBXSourcesBuildPhase section */
		BEBF96C2201A3E28006AF9E7 /* Sources */ = {
			isa = PBXSourcesBuildPhase;
			buildActionMask = 2147483647;
			files = (
				BEBF9700201A3E28006AF9E7 /* GameScene.swift in Sources */,
				BEBF96CC201A3E28006AF9E7 /* GameViewController.swift in Sources */,
				BEBF96CA201A3E28006AF9E7 /* AppDelegate.swift in Sources */,
			);
			runOnlyForDeploymentPostprocessing = 0;
		};
		BEBF96DF201A3E28006AF9E7 /* Sources */ = {
			isa = PBXSourcesBuildPhase;
			buildActionMask = 2147483647;
			files = (
				BEBF9701201A3E28006AF9E7 /* GameScene.swift in Sources */,
				BEBF96EB201A3E28006AF9E7 /* ExtensionDelegate.swift in Sources */,
				BEBF96E9201A3E28006AF9E7 /* InterfaceController.swift in Sources */,
			);
			runOnlyForDeploymentPostprocessing = 0;
		};
		BEBF96ED201A3E28006AF9E7 /* Sources */ = {
			isa = PBXSourcesBuildPhase;
			buildActionMask = 2147483647;
			files = (
				BEBF9702201A3E28006AF9E7 /* GameScene.swift in Sources */,
				BEBF96F6201A3E28006AF9E7 /* GameViewController.swift in Sources */,
				BEBF96F4201A3E28006AF9E7 /* AppDelegate.swift in Sources */,
			);
			runOnlyForDeploymentPostprocessing = 0;
		};
/* End PBXSourcesBuildPhase section */

/* Begin PBXTargetDependency section */
		BEBF96D9201A3E28006AF9E7 /* PBXTargetDependency */ = {
			isa = PBXTargetDependency;
			target = BEBF96D5201A3E28006AF9E7 /* supersecrettechnologies watchOS App */;
			targetProxy = BEBF96D8201A3E28006AF9E7 /* PBXContainerItemProxy */;
		};
		BEBF96E6201A3E28006AF9E7 /* PBXTargetDependency */ = {
			isa = PBXTargetDependency;
			target = BEBF96E2201A3E28006AF9E7 /* supersecrettechnologies watchOS App Extension */;
			targetProxy = BEBF96E5201A3E28006AF9E7 /* PBXContainerItemProxy */;
		};
/* End PBXTargetDependency section */

/* Begin PBXVariantGroup section */
		BEBF96CD201A3E28006AF9E7 /* Main.storyboard */ = {
			isa = PBXVariantGroup;
			children = (
				BEBF96CE201A3E28006AF9E7 /* Base */,
			);
			name = Main.storyboard;
			sourceTree = "<group>";
		};
		BEBF96D0201A3E28006AF9E7 /* LaunchScreen.storyboard */ = {
			isa = PBXVariantGroup;
			children = (
				BEBF96D1201A3E28006AF9E7 /* Base */,
			);
			name = LaunchScreen.storyboard;
			sourceTree = "<group>";
		};
		BEBF96DB201A3E28006AF9E7 /* Interface.storyboard */ = {
			isa = PBXVariantGroup;
			children = (
				BEBF96DC201A3E28006AF9E7 /* Base */,
			);
			name = Interface.storyboard;
			sourceTree = "<group>";
		};
		BEBF96F7201A3E28006AF9E7 /* Main.storyboard */ = {
			isa = PBXVariantGroup;
			children = (
				BEBF96F8201A3E28006AF9E7 /* Base */,
			);
			name = Main.storyboard;
			sourceTree = "<group>";
		};
/* End PBXVariantGroup section */

/* Begin XCBuildConfiguration section */
		BEBF9706201A3E28006AF9E7 /* Debug */ = {
			isa = XCBuildConfiguration;
			buildSettings = {
				ALWAYS_SEARCH_USER_PATHS = NO;
				CLANG_ANALYZER_NONNULL = YES;
				CLANG_ANALYZER_NUMBER_OBJECT_CONVERSION = YES_AGGRESSIVE;
				CLANG_CXX_LANGUAGE_STANDARD = "gnu++14";
				CLANG_CXX_LIBRARY = "libc++";
				CLANG_ENABLE_MODULES = YES;
				CLANG_ENABLE_OBJC_ARC = YES;
				CLANG_WARN_BLOCK_CAPTURE_AUTORELEASING = YES;
				CLANG_WARN_BOOL_CONVERSION = YES;
				CLANG_WARN_COMMA = YES;
				CLANG_WARN_CONSTANT_CONVERSION = YES;
				CLANG_WARN_DIRECT_OBJC_ISA_USAGE = YES_ERROR;
				CLANG_WARN_DOCUMENTATION_COMMENTS = YES;
				CLANG_WARN_EMPTY_BODY = YES;
				CLANG_WARN_ENUM_CONVERSION = YES;
				CLANG_WARN_INFINITE_RECURSION = YES;
				CLANG_WARN_INT_CONVERSION = YES;
				CLANG_WARN_NON_LITERAL_NULL_CONVERSION = YES;
				CLANG_WARN_OBJC_LITERAL_CONVERSION = YES;
				CLANG_WARN_OBJC_ROOT_CLASS = YES_ERROR;
				CLANG_WARN_RANGE_LOOP_ANALYSIS = YES;
				CLANG_WARN_STRICT_PROTOTYPES = YES;
				CLANG_WARN_SUSPICIOUS_MOVE = YES;
				CLANG_WARN_UNGUARDED_AVAILABILITY = YES_AGGRESSIVE;
				CLANG_WARN_UNREACHABLE_CODE = YES;
				CLANG_WARN__DUPLICATE_METHOD_MATCH = YES;
				COPY_PHASE_STRIP = NO;
				DEBUG_INFORMATION_FORMAT = dwarf;
				ENABLE_STRICT_OBJC_MSGSEND = YES;
				ENABLE_TESTABILITY = YES;
				GCC_C_LANGUAGE_STANDARD = gnu11;
				GCC_DYNAMIC_NO_PIC = NO;
				GCC_NO_COMMON_BLOCKS = YES;
				GCC_OPTIMIZATION_LEVEL = 0;
				GCC_PREPROCESSOR_DEFINITIONS = (
					"DEBUG=1",
					"$(inherited)",
				);
				GCC_WARN_64_TO_32_BIT_CONVERSION = YES;
				GCC_WARN_ABOUT_RETURN_TYPE = YES_ERROR;
				GCC_WARN_UNDECLARED_SELECTOR = YES;
				GCC_WARN_UNINITIALIZED_AUTOS = YES_AGGRESSIVE;
				GCC_WARN_UNUSED_FUNCTION = YES;
				GCC_WARN_UNUSED_VARIABLE = YES;
				MTL_ENABLE_DEBUG_INFO = YES;
				ONLY_ACTIVE_ARCH = YES;
				SWIFT_ACTIVE_COMPILATION_CONDITIONS = DEBUG;
				SWIFT_OPTIMIZATION_LEVEL = "-Onone";
			};
			name = Debug;
		};
		BEBF9707201A3E28006AF9E7 /* Release */ = {
			isa = XCBuildConfiguration;
			buildSettings = {
				ALWAYS_SEARCH_USER_PATHS = NO;
				CLANG_ANALYZER_NONNULL = YES;
				CLANG_ANALYZER_NUMBER_OBJECT_CONVERSION = YES_AGGRESSIVE;
				CLANG_CXX_LANGUAGE_STANDARD = "gnu++14";
				CLANG_CXX_LIBRARY = "libc++";
				CLANG_ENABLE_MODULES = YES;
				CLANG_ENABLE_OBJC_ARC = YES;
				CLANG_WARN_BLOCK_CAPTURE_AUTORELEASING = YES;
				CLANG_WARN_BOOL_CONVERSION = YES;
				CLANG_WARN_COMMA = YES;
				CLANG_WARN_CONSTANT_CONVERSION = YES;
				CLANG_WARN_DIRECT_OBJC_ISA_USAGE = YES_ERROR;
				CLANG_WARN_DOCUMENTATION_COMMENTS = YES;
				CLANG_WARN_EMPTY_BODY = YES;
				CLANG_WARN_ENUM_CONVERSION = YES;
				CLANG_WARN_INFINITE_RECURSION = YES;
				CLANG_WARN_INT_CONVERSION = YES;
				CLANG_WARN_NON_LITERAL_NULL_CONVERSION = YES;
				CLANG_WARN_OBJC_LITERAL_CONVERSION = YES;
				CLANG_WARN_OBJC_ROOT_CLASS = YES_ERROR;
				CLANG_WARN_RANGE_LOOP_ANALYSIS = YES;
				CLANG_WARN_STRICT_PROTOTYPES = YES;
				CLANG_WARN_SUSPICIOUS_MOVE = YES;
				CLANG_WARN_UNGUARDED_AVAILABILITY = YES_AGGRESSIVE;
				CLANG_WARN_UNREACHABLE_CODE = YES;
				CLANG_WARN__DUPLICATE_METHOD_MATCH = YES;
				COPY_PHASE_STRIP = NO;
				DEBUG_INFORMATION_FORMAT = "dwarf-with-dsym";
				ENABLE_NS_ASSERTIONS = NO;
				ENABLE_STRICT_OBJC_MSGSEND = YES;
				GCC_C_LANGUAGE_STANDARD = gnu11;
				GCC_NO_COMMON_BLOCKS = YES;
				GCC_WARN_64_TO_32_BIT_CONVERSION = YES;
				GCC_WARN_ABOUT_RETURN_TYPE = YES_ERROR;
				GCC_WARN_UNDECLARED_SELECTOR = YES;
				GCC_WARN_UNINITIALIZED_AUTOS = YES_AGGRESSIVE;
				GCC_WARN_UNUSED_FUNCTION = YES;
				GCC_WARN_UNUSED_VARIABLE = YES;
				MTL_ENABLE_DEBUG_INFO = NO;
				SWIFT_OPTIMIZATION_LEVEL = "-Owholemodule";
			};
			name = Release;
		};
		BEBF9709201A3E28006AF9E7 /* Debug */ = {
			isa = XCBuildConfiguration;
			buildSettings = {
				CODE_SIGN_IDENTITY = "iPhone Developer";
				CODE_SIGN_STYLE = Automatic;
				DEVELOPMENT_TEAM = RC7YEC8DUR;
				INFOPLIST_FILE = "supersecrettechnologies watchOS App Extension/Info.plist";
				LD_RUNPATH_SEARCH_PATHS = "$(inherited) @executable_path/Frameworks @executable_path/../../Frameworks";
				PRODUCT_BUNDLE_IDENTIFIER = bounce.supersecrettechnologies.watchkitapp.watchkitextension;
				PRODUCT_NAME = "supersecrettechnologies Extension";
				SDKROOT = watchos;
				SKIP_INSTALL = YES;
				SWIFT_VERSION = 4.0;
				TARGETED_DEVICE_FAMILY = 4;
				WATCHOS_DEPLOYMENT_TARGET = 4.2;
			};
			name = Debug;
		};
		BEBF970A201A3E28006AF9E7 /* Release */ = {
			isa = XCBuildConfiguration;
			buildSettings = {
				CODE_SIGN_IDENTITY = "iPhone Developer";
				CODE_SIGN_STYLE = Automatic;
				DEVELOPMENT_TEAM = RC7YEC8DUR;
				INFOPLIST_FILE = "supersecrettechnologies watchOS App Extension/Info.plist";
				LD_RUNPATH_SEARCH_PATHS = "$(inherited) @executable_path/Frameworks @executable_path/../../Frameworks";
				PRODUCT_BUNDLE_IDENTIFIER = bounce.supersecrettechnologies.watchkitapp.watchkitextension;
				PRODUCT_NAME = "supersecrettechnologies Extension";
				SDKROOT = watchos;
				SKIP_INSTALL = YES;
				SWIFT_VERSION = 4.0;
				TARGETED_DEVICE_FAMILY = 4;
				VALIDATE_PRODUCT = YES;
				WATCHOS_DEPLOYMENT_TARGET = 4.2;
			};
			name = Release;
		};
		BEBF970D201A3E28006AF9E7 /* Debug */ = {
			isa = XCBuildConfiguration;
			buildSettings = {
				ALWAYS_EMBED_SWIFT_STANDARD_LIBRARIES = YES;
				ASSETCATALOG_COMPILER_APPICON_NAME = AppIcon;
				CODE_SIGN_IDENTITY = "iPhone Developer";
				CODE_SIGN_STYLE = Automatic;
				DEVELOPMENT_TEAM = RC7YEC8DUR;
				IBSC_MODULE = supersecrettechnologies_Extension;
				INFOPLIST_FILE = "supersecrettechnologies watchOS App/Info.plist";
				PRODUCT_BUNDLE_IDENTIFIER = bounce.supersecrettechnologies.watchkitapp;
				PRODUCT_NAME = supersecrettechnologies;
				SDKROOT = watchos;
				SKIP_INSTALL = YES;
				SWIFT_VERSION = 4.0;
				TARGETED_DEVICE_FAMILY = 4;
				WATCHOS_DEPLOYMENT_TARGET = 4.2;
			};
			name = Debug;
		};
		BEBF970E201A3E28006AF9E7 /* Release */ = {
			isa = XCBuildConfiguration;
			buildSettings = {
				ALWAYS_EMBED_SWIFT_STANDARD_LIBRARIES = YES;
				ASSETCATALOG_COMPILER_APPICON_NAME = AppIcon;
				CODE_SIGN_IDENTITY = "iPhone Developer";
				CODE_SIGN_STYLE = Automatic;
				DEVELOPMENT_TEAM = RC7YEC8DUR;
				IBSC_MODULE = supersecrettechnologies_Extension;
				INFOPLIST_FILE = "supersecrettechnologies watchOS App/Info.plist";
				PRODUCT_BUNDLE_IDENTIFIER = bounce.supersecrettechnologies.watchkitapp;
				PRODUCT_NAME = supersecrettechnologies;
				SDKROOT = watchos;
				SKIP_INSTALL = YES;
				SWIFT_VERSION = 4.0;
				TARGETED_DEVICE_FAMILY = 4;
				VALIDATE_PRODUCT = YES;
				WATCHOS_DEPLOYMENT_TARGET = 4.2;
			};
			name = Release;
		};
		BEBF9711201A3E28006AF9E7 /* Debug */ = {
			isa = XCBuildConfiguration;
			buildSettings = {
				ASSETCATALOG_COMPILER_APPICON_NAME = AppIcon;
				CODE_SIGN_IDENTITY = "iPhone Developer";
				CODE_SIGN_STYLE = Automatic;
				DEVELOPMENT_TEAM = RC7YEC8DUR;
				INFOPLIST_FILE = "supersecrettechnologies iOS/Info.plist";
				IPHONEOS_DEPLOYMENT_TARGET = 11.2;
				LD_RUNPATH_SEARCH_PATHS = "$(inherited) @executable_path/Frameworks";
				PRODUCT_BUNDLE_IDENTIFIER = bounce.supersecrettechnologies;
				PRODUCT_NAME = supersecrettechnologies;
				SDKROOT = iphoneos;
				SWIFT_VERSION = 4.0;
				TARGETED_DEVICE_FAMILY = "1,2";
			};
			name = Debug;
		};
		BEBF9712201A3E28006AF9E7 /* Release */ = {
			isa = XCBuildConfiguration;
			buildSettings = {
				ASSETCATALOG_COMPILER_APPICON_NAME = AppIcon;
				CODE_SIGN_IDENTITY = "iPhone Developer";
				CODE_SIGN_STYLE = Automatic;
				DEVELOPMENT_TEAM = RC7YEC8DUR;
				INFOPLIST_FILE = "supersecrettechnologies iOS/Info.plist";
				IPHONEOS_DEPLOYMENT_TARGET = 11.2;
				LD_RUNPATH_SEARCH_PATHS = "$(inherited) @executable_path/Frameworks";
				PRODUCT_BUNDLE_IDENTIFIER = bounce.supersecrettechnologies;
				PRODUCT_NAME = supersecrettechnologies;
				SDKROOT = iphoneos;
				SWIFT_VERSION = 4.0;
				TARGETED_DEVICE_FAMILY = "1,2";
				VALIDATE_PRODUCT = YES;
			};
			name = Release;
		};
		BEBF9714201A3E28006AF9E7 /* Debug */ = {
			isa = XCBuildConfiguration;
			buildSettings = {
				ASSETCATALOG_COMPILER_APPICON_NAME = AppIcon;
				CODE_SIGN_IDENTITY = "-";
				CODE_SIGN_STYLE = Automatic;
				COMBINE_HIDPI_IMAGES = YES;
				DEVELOPMENT_TEAM = RC7YEC8DUR;
				INFOPLIST_FILE = "supersecrettechnologies macOS/Info.plist";
				LD_RUNPATH_SEARCH_PATHS = "$(inherited) @executable_path/../Frameworks";
				MACOSX_DEPLOYMENT_TARGET = 10.13;
				PRODUCT_BUNDLE_IDENTIFIER = bounce.supersecrettechnologies;
				PRODUCT_NAME = supersecrettechnologies;
				SDKROOT = macosx;
				SWIFT_VERSION = 4.0;
			};
			name = Debug;
		};
		BEBF9715201A3E28006AF9E7 /* Release */ = {
			isa = XCBuildConfiguration;
			buildSettings = {
				ASSETCATALOG_COMPILER_APPICON_NAME = AppIcon;
				CODE_SIGN_IDENTITY = "-";
				CODE_SIGN_STYLE = Automatic;
				COMBINE_HIDPI_IMAGES = YES;
				DEVELOPMENT_TEAM = RC7YEC8DUR;
				INFOPLIST_FILE = "supersecrettechnologies macOS/Info.plist";
				LD_RUNPATH_SEARCH_PATHS = "$(inherited) @executable_path/../Frameworks";
				MACOSX_DEPLOYMENT_TARGET = 10.13;
				PRODUCT_BUNDLE_IDENTIFIER = bounce.supersecrettechnologies;
				PRODUCT_NAME = supersecrettechnologies;
				SDKROOT = macosx;
				SWIFT_VERSION = 4.0;
			};
			name = Release;
		};
/* End XCBuildConfiguration section */

/* Begin XCConfigurationList section */
		BEBF96BC201A3E28006AF9E7 /* Build configuration list for PBXProject "supersecrettechnologies" */ = {
			isa = XCConfigurationList;
			buildConfigurations = (
				BEBF9706201A3E28006AF9E7 /* Debug */,
				BEBF9707201A3E28006AF9E7 /* Release */,
			);
			defaultConfigurationIsVisible = 0;
			defaultConfigurationName = Release;
		};
		BEBF9708201A3E28006AF9E7 /* Build configuration list for PBXNativeTarget "supersecrettechnologies watchOS App Extension" */ = {
			isa = XCConfigurationList;
			buildConfigurations = (
				BEBF9709201A3E28006AF9E7 /* Debug */,
				BEBF970A201A3E28006AF9E7 /* Release */,
			);
			defaultConfigurationIsVisible = 0;
			defaultConfigurationName = Release;
		};
		BEBF970C201A3E28006AF9E7 /* Build configuration list for PBXNativeTarget "supersecrettechnologies watchOS App" */ = {
			isa = XCConfigurationList;
			buildConfigurations = (
				BEBF970D201A3E28006AF9E7 /* Debug */,
				BEBF970E201A3E28006AF9E7 /* Release */,
			);
			defaultConfigurationIsVisible = 0;
			defaultConfigurationName = Release;
		};
		BEBF9710201A3E28006AF9E7 /* Build configuration list for PBXNativeTarget "supersecrettechnologies iOS" */ = {
			isa = XCConfigurationList;
			buildConfigurations = (
				BEBF9711201A3E28006AF9E7 /* Debug */,
				BEBF9712201A3E28006AF9E7 /* Release */,
			);
			defaultConfigurationIsVisible = 0;
			defaultConfigurationName = Release;
		};
		BEBF9713201A3E28006AF9E7 /* Build configuration list for PBXNativeTarget "supersecrettechnologies macOS" */ = {
			isa = XCConfigurationList;
			buildConfigurations = (
				BEBF9714201A3E28006AF9E7 /* Debug */,
				BEBF9715201A3E28006AF9E7 /* Release */,
			);
			defaultConfigurationIsVisible = 0;
			defaultConfigurationName = Release;
		};
/* End XCConfigurationList section */
	};
	rootObject = BEBF96B9201A3E28006AF9E7 /* Project object */;
}
